dependencies:
  espp/adc:
    component_hash: 3227da5c700828845c2bacc4ce8e5ef49d2ebfe6db6e9378769ffb976f57b526
    dependencies:
    - name: espp/base_component
      registry_url: https://components.espressif.com
      require: private
      version: '>=1.0'
    - name: espp/task
      registry_url: https://components.espressif.com
      require: private
      version: '>=1.0'
    - name: idf
      require: private
      version: '>=5.0'
    source:
      registry_url: https://components.espressif.com
      type: service
    version: 1.0.30
  espp/base_component:
    component_hash: 4eb622f2705843fc76215d51d834ee7297522e883378e706a998d4fa6e49f231
    dependencies:
    - name: espp/logger
      registry_url: https://components.espressif.com
      require: private
      version: '>=1.0'
    - name: idf
      require: private
      version: '>=5.0'
    source:
      registry_url: https://components.espressif.com
      type: service
    version: 1.0.30
  espp/base_peripheral:
    component_hash: d852ab634677571e03f7ab3e871260601c33d46b00c59c56f1361a764734fff6
    dependencies:
    - name: espp/base_component
      registry_url: https://components.espressif.com
      require: private
      version: '>=1.0'
    - name: idf
      require: private
      version: '>=5.0'
    source:
      registry_url: https://components.espressif.com
      type: service
    version: 1.0.30
  espp/bldc_driver:
    component_hash: e127988aacd8d7afdc7c057566e52fcd2476682e53f18b8fff7d2d33548c4c3c
    dependencies:
    - name: espp/base_component
      registry_url: https://components.espressif.com
      require: private
      version: '>=1.0'
    - name: idf
      require: private
      version: '>=5.0'
    source:
      registry_url: https://components.espressif.com/
      type: service
    version: 1.0.30
  espp/bldc_haptics:
    component_hash: f496371f4f824a1aa7456ba73e8841cb7d0c26f78f8f81e9b59c473a1b2654f2
    dependencies:
    - name: espp/base_component
      registry_url: https://components.espressif.com
      require: private
      version: '>=1.0'
    - name: espp/bldc_motor
      registry_url: https://components.espressif.com
      require: private
      version: '>=1.0'
    - name: espp/math
      registry_url: https://components.espressif.com
      require: private
      version: '>=1.0'
    - name: espp/pid
      registry_url: https://components.espressif.com
      require: private
      version: '>=1.0'
    - name: espp/task
      registry_url: https://components.espressif.com
      require: private
      version: '>=1.0'
    - name: idf
      require: private
      version: '>=5.0'
    source:
      registry_url: https://components.espressif.com/
      type: service
    version: 1.0.30
  espp/bldc_motor:
    component_hash: bffe8a5684fbb3c3c412e4e9028ff9635e9e034223aa2bdebbd902ba9f3367b8
    dependencies:
    - name: espp/base_component
      registry_url: https://components.espressif.com
      require: private
      version: '>=1.0'
    - name: espp/math
      registry_url: https://components.espressif.com
      require: private
      version: '>=1.0'
    - name: espp/pid
      registry_url: https://components.espressif.com
      require: private
      version: '>=1.0'
    - name: espp/task
      registry_url: https://components.espressif.com
      require: private
      version: '>=1.0'
    - name: idf
      require: private
      version: '>=5.0'
    source:
      registry_url: https://components.espressif.com/
      type: service
    version: 1.0.30
  espp/cli:
    component_hash: 3578f0bdeef0074284aee15d2dc3f3f6d8a36cd198d0c6e39a8c6cc9ebe3203e
    dependencies:
    - name: espp/logger
      registry_url: https://components.espressif.com
      require: private
      version: '>=1.0'
    - name: idf
      require: private
      version: '>=5.0'
    source:
      registry_url: https://components.espressif.com/
      type: service
    version: 1.0.30
  espp/filters:
    component_hash: 4a1fcc942298babc57c12918237e7058658ac31af708fb214e3fea4682561809
    dependencies:
    - name: espp/format
      registry_url: https://components.espressif.com
      require: private
      version: '>=1.0'
    - name: espp/math
      registry_url: https://components.espressif.com
      require: private
      version: '>=1.0'
    - name: espressif/esp-dsp
      registry_url: https://components.espressif.com
      require: private
      version: '>=1.6.4'
    - name: idf
      require: private
      version: '>=5.0'
    source:
      registry_url: https://components.espressif.com/
      type: service
    version: 1.0.30
  espp/format:
    component_hash: a36e56d8620d28997f37a41f005bd0af70ccf025f38320738f148e2c9579f2f1
    dependencies:
    - name: idf
      require: private
      version: '>=5.0'
    source:
      registry_url: https://components.espressif.com
      type: service
    version: 1.0.30
  espp/i2c:
    component_hash: 3a2b9d4724627cacf0fd7311ceeb1a54e52dadb555664fb4d110262bee760730
    dependencies:
    - name: espp/base_component
      registry_url: https://components.espressif.com
      require: private
      version: '>=1.0'
    - name: espp/cli
      registry_url: https://components.espressif.com
      require: private
      version: '>=1.0'
    - name: espp/task
      registry_url: https://components.espressif.com
      require: private
      version: '>=1.0'
    - name: idf
      require: private
      version: '>=5.0'
    source:
      registry_url: https://components.espressif.com/
      type: service
    version: 1.0.30
  espp/interrupt:
    component_hash: efe025b341ab8c5f6c46b165435270c40917fab4203417c040c93733772de65e
    dependencies:
    - name: espp/base_component
      registry_url: https://components.espressif.com
      require: private
      version: '>=1.0'
    - name: espp/task
      registry_url: https://components.espressif.com
      require: private
      version: '>=1.0'
    - name: idf
      require: private
      version: '>=5.0'
    source:
      registry_url: https://components.espressif.com
      type: service
    version: 1.0.30
  espp/led:
    component_hash: 54b46f77c1b0a99abfad0b31c5543587413f0c32f5a86f1a4f24fbe561e3bcb2
    dependencies:
    - name: espp/base_component
      registry_url: https://components.espressif.com
      require: private
      version: '>=1.0'
    - name: espp/task
      registry_url: https://components.espressif.com
      require: private
      version: '>=1.0'
    - name: idf
      require: private
      version: '>=5.0'
    source:
      registry_url: https://components.espressif.com
      type: service
    version: 1.0.30
  espp/logger:
    component_hash: 8e6fc4cb3ff9feabd726a5c6fa6465b3fafc704b7c8b283232f9bf98fa517bd8
    dependencies:
    - name: espp/format
      registry_url: https://components.espressif.com
      require: private
      version: '>=1.0'
    - name: idf
      require: private
      version: '>=5.0'
    source:
      registry_url: https://components.espressif.com
      type: service
    version: 1.0.30
  espp/math:
    component_hash: 9fff8c6bcf2db4a715272a211a7f39738f36cad4f7bba90d03ef86429bce7fd8
    dependencies:
    - name: espp/format
      registry_url: https://components.espressif.com
      require: private
      version: '>=1.0'
    - name: idf
      require: private
      version: '>=5.0'
    source:
      registry_url: https://components.espressif.com/
      type: service
    version: 1.0.30
  espp/motorgo-mini:
    component_hash: 2a6f98d515818d4dd0160f04bebfe7c4c9761a4709522f8c2236e60b7031d89f
    dependencies:
    - name: espp/adc
      registry_url: https://components.espressif.com
      require: private
      version: '>=1.0'
    - name: espp/base_component
      registry_url: https://components.espressif.com
      require: private
      version: '>=1.0'
    - name: espp/bldc_driver
      registry_url: https://components.espressif.com
      require: private
      version: '>=1.0'
    - name: espp/bldc_motor
      registry_url: https://components.espressif.com
      require: private
      version: '>=1.0'
    - name: espp/filters
      registry_url: https://components.espressif.com
      require: private
      version: '>=1.0'
    - name: espp/i2c
      registry_url: https://components.espressif.com
      require: private
      version: '>=1.0'
    - name: espp/interrupt
      registry_url: https://components.espressif.com
      require: private
      version: '>=1.0'
    - name: espp/led
      registry_url: https://components.espressif.com
      require: private
      version: '>=1.0'
    - name: espp/math
      registry_url: https://components.espressif.com
      require: private
      version: '>=1.0'
    - name: espp/mt6701
      registry_url: https://components.espressif.com
      require: private
      version: '>=1.0'
    - name: espp/pid
      registry_url: https://components.espressif.com
      require: private
      version: '>=1.0'
    - name: espp/task
      registry_url: https://components.espressif.com
      require: private
      version: '>=1.0'
    - name: idf
      require: private
      version: '>=5.0'
    source:
      registry_url: https://components.espressif.com/
      type: service
    targets:
    - esp32s3
    version: 1.0.30
  espp/mt6701:
    component_hash: 25664e665a80177e777d0a488e31892125ec0a3b3cd9d2f75c2c9793ed3e536d
    dependencies:
    - name: espp/base_peripheral
      registry_url: https://components.espressif.com
      require: private
      version: '>=1.0'
    - name: espp/timer
      registry_url: https://components.espressif.com
      require: private
      version: '>=1.0'
    - name: idf
      require: private
      version: '>=5.0'
    source:
      registry_url: https://components.espressif.com/
      type: service
    version: 1.0.30
  espp/pid:
    component_hash: 64299c9465f53d6093cd7da30b59965685683a3dcd8bebf3b5011bc5772d0bf3
    dependencies:
    - name: espp/base_component
      registry_url: https://components.espressif.com
      require: private
      version: '>=1.0'
    - name: idf
      require: private
      version: '>=5.0'
    source:
      registry_url: https://components.espressif.com/
      type: service
    version: 1.0.30
  espp/task:
    component_hash: cd70ed978a323cd53b25862fc9b00a01eedaff32fbca8e422ae3ea921591d4c7
    dependencies:
    - name: espp/base_component
      registry_url: https://components.espressif.com
      require: private
      version: '>=1.0'
    - name: idf
      require: private
      version: '>=5.0'
    source:
      registry_url: https://components.espressif.com
      type: service
    version: 1.0.30
  espp/timer:
    component_hash: d73199de3cf51deb76bfb5887c79f59e42a44ea9ad5031d2deffaad2cbd0d7ec
    dependencies:
    - name: espp/task
      registry_url: https://components.espressif.com
      require: private
      version: '>=1.0'
    - name: idf
      require: private
      version: '>=5.0'
    source:
      registry_url: https://components.espressif.com
      type: service
    version: 1.0.30
  espressif/esp-dsp:
    component_hash: 42dce32d46ac93dc11f60d368e29a830e9661c7345d794b8a45c343479cae636
    dependencies:
    - name: idf
      require: private
      version: '>=4.2'
    source:
      registry_url: https://components.espressif.com
      type: service
    version: 1.7.0
  idf:
    source:
      type: idf
    version: 5.5.1
direct_dependencies:
- espp/bldc_driver
- espp/bldc_haptics
- espp/bldc_motor
- espp/cli
- espp/filters
- espp/i2c
- espp/math
- espp/motorgo-mini
- espp/mt6701
- espp/pid
- idf
manifest_hash: 51a441b07c8fcb224feecb225df7992e1db285abf68ad0c5d4be80f54d444ef0
target: esp32s3
version: 2.0.0
